
Microsoft Visual Studio Solution File, Format Version 11.00
# Visual Studio 2010
Project("{FAE04EC0-301F-11D3-BF4B-00C04F79EFBC}") = "Donuts-vs-Cops", "Assembly-CSharp.csproj", "{C1FDC0E9-2063-8683-0732-BC9FAA49E4BF}"
EndProject
Project("{FAE04EC0-301F-11D3-BF4B-00C04F79EFBC}") = "Donuts-vs-Cops", "Assembly-CSharp-Editor.csproj", "{B0FE2240-EC94-6811-B033-954DCC39BA61}"
EndProject
Global
	GlobalSection(SolutionConfigurationPlatforms) = preSolution
		Debug|Any CPU = Debug|Any CPU
		Release|Any CPU = Release|Any CPU
	EndGlobalSection
	GlobalSection(ProjectConfigurationPlatforms) = postSolution
		{C1FDC0E9-2063-8683-0732-BC9FAA49E4BF}.Debug|Any CPU.ActiveCfg = Debug|Any CPU
		{C1FDC0E9-2063-8683-0732-BC9FAA49E4BF}.Debug|Any CPU.Build.0 = Debug|Any CPU
		{C1FDC0E9-2063-8683-0732-BC9FAA49E4BF}.Release|Any CPU.ActiveCfg = Release|Any CPU
		{C1FDC0E9-2063-8683-0732-BC9FAA49E4BF}.Release|Any CPU.Build.0 = Release|Any CPU
		{B0FE2240-EC94-6811-B033-954DCC39BA61}.Debug|Any CPU.ActiveCfg = Debug|Any CPU
		{B0FE2240-EC94-6811-B033-954DCC39BA61}.Debug|Any CPU.Build.0 = Debug|Any CPU
		{B0FE2240-EC94-6811-B033-954DCC39BA61}.Release|Any CPU.ActiveCfg = Release|Any CPU
		{B0FE2240-EC94-6811-B033-954DCC39BA61}.Release|Any CPU.Build.0 = Release|Any CPU
	EndGlobalSection
	GlobalSection(SolutionProperties) = preSolution
		HideSolutionNode = FALSE
	EndGlobalSection
	GlobalSection(MonoDevelopProperties) = preSolution
		StartupItem = Assembly-CSharp.csproj
	EndGlobalSection
EndGlobal
